// !$*UTF8*$!
{
	archiveVersion = 1;
	classes = {
	};
	objectVersion = 50;
	objects = {

/* Begin PBXBuildFile section */
		DEBA52B3227044890062C1F8 /* AppDelegate.m in Sources */ = {isa = PBXBuildFile; fileRef = DEBA52B2227044890062C1F8 /* AppDelegate.m */; };
		DEBA52B6227044890062C1F8 /* ViewController.m in Sources */ = {isa = PBXBuildFile; fileRef = DEBA52B5227044890062C1F8 /* ViewController.m */; };
		DEBA52B9227044890062C1F8 /* Main.storyboard in Resources */ = {isa = PBXBuildFile; fileRef = DEBA52B7227044890062C1F8 /* Main.storyboard */; };
		DEBA52BB227044920062C1F8 /* Assets.xcassets in Resources */ = {isa = PBXBuildFile; fileRef = DEBA52BA227044920062C1F8 /* Assets.xcassets */; };
		DEBA52BE227044920062C1F8 /* LaunchScreen.storyboard in Resources */ = {isa = PBXBuildFile; fileRef = DEBA52BC227044920062C1F8 /* LaunchScreen.storyboard */; };
		DEBA52C1227044920062C1F8 /* main.m in Sources */ = {isa = PBXBuildFile; fileRef = DEBA52C0227044920062C1F8 /* main.m */; };
		DEBA52C92270462C0062C1F8 /* TableViewController.m in Sources */ = {isa = PBXBuildFile; fileRef = DEBA52C82270462C0062C1F8 /* TableViewController.m */; };
		DEBA52CD227048310062C1F8 /* male.jpg in Resources */ = {isa = PBXBuildFile; fileRef = DEBA52CC227048310062C1F8 /* male.jpg */; };
		DEBA52CF227048360062C1F8 /* female.jpg in Resources */ = {isa = PBXBuildFile; fileRef = DEBA52CE227048360062C1F8 /* female.jpg */; };
		DEBA52D222704AE00062C1F8 /* TableViewCell.m in Sources */ = {isa = PBXBuildFile; fileRef = DEBA52D122704AE00062C1F8 /* TableViewCell.m */; };
/* End PBXBuildFile section */

/* Begin PBXFileReference section */
		DEBA52AE227044890062C1F8 /* CustomTableView.app */ = {isa = PBXFileReference; explicitFileType = wrapper.application; includeInIndex = 0; path = CustomTableView.app; sourceTree = BUILT_PRODUCTS_DIR; };
		DEBA52B1227044890062C1F8 /* AppDelegate.h */ = {isa = PBXFileReference; lastKnownFileType = sourcecode.c.h; path = AppDelegate.h; sourceTree = "<group>"; };
		DEBA52B2227044890062C1F8 /* AppDelegate.m */ = {isa = PBXFileReference; lastKnownFileType = sourcecode.c.objc; path = AppDelegate.m; sourceTree = "<group>"; };
		DEBA52B4227044890062C1F8 /* ViewController.h */ = {isa = PBXFileReference; lastKnownFileType = sourcecode.c.h; path = ViewController.h; sourceTree = "<group>"; };
		DEBA52B5227044890062C1F8 /* ViewController.m */ = {isa = PBXFileReference; lastKnownFileType = sourcecode.c.objc; path = ViewController.m; sourceTree = "<group>"; };
		DEBA52B8227044890062C1F8 /* Base */ = {isa = PBXFileReference; lastKnownFileType = file.storyboard; name = Base; path = Base.lproj/Main.storyboard; sourceTree = "<group>"; };
		DEBA52BA227044920062C1F8 /* Assets.xcassets */ = {isa = PBXFileReference; lastKnownFileType = folder.assetcatalog; path = Assets.xcassets; sourceTree = "<group>"; };
		DEBA52BD227044920062C1F8 /* Base */ = {isa = PBXFileReference; lastKnownFileType = file.storyboard; name = Base; path = Base.lproj/LaunchScreen.storyboard; sourceTree = "<group>"; };
		DEBA52BF227044920062C1F8 /* Info.plist */ = {isa = PBXFileReference; lastKnownFileType = text.plist.xml; path = Info.plist; sourceTree = "<group>"; };
		DEBA52C0227044920062C1F8 /* main.m */ = {isa = PBXFileReference; lastKnownFileType = sourcecode.c.objc; path = main.m; sourceTree = "<group>"; };
		DEBA52C72270462C0062C1F8 /* TableViewController.h */ = {isa = PBXFileReference; lastKnownFileType = sourcecode.c.h; path = TableViewController.h; sourceTree = "<group>"; };
		DEBA52C82270462C0062C1F8 /* TableViewController.m */ = {isa = PBXFileReference; lastKnownFileType = sourcecode.c.objc; path = TableViewController.m; sourceTree = "<group>"; };
		DEBA52CC227048310062C1F8 /* male.jpg */ = {isa = PBXFileReference; lastKnownFileType = image.jpeg; name = male.jpg; path = ../../../../../male.jpg; sourceTree = "<group>"; };
		DEBA52CE227048360062C1F8 /* female.jpg */ = {isa = PBXFileReference; lastKnownFileType = image.jpeg; name = female.jpg; path = ../../../../../female.jpg; sourceTree = "<group>"; };
		DEBA52D022704AE00062C1F8 /* TableViewCell.h */ = {isa = PBXFileReference; lastKnownFileType = sourcecode.c.h; path = TableViewCell.h; sourceTree = "<group>"; };
		DEBA52D122704AE00062C1F8 /* TableViewCell.m */ = {isa = PBXFileReference; lastKnownFileType = sourcecode.c.objc; path = TableViewCell.m; sourceTree = "<group>"; };
/* End PBXFileReference section */

/* Begin PBXFrameworksBuildPhase section */
		DEBA52AB227044890062C1F8 /* Frameworks */ = {
			isa = PBXFrameworksBuildPhase;
			buildActionMask = 2147483647;
			files = (
			);
			runOnlyForDeploymentPostprocessing = 0;
		};
/* End PBXFrameworksBuildPhase section */

/* Begin PBXGroup section */
		DEBA52A5227044890062C1F8 = {
			isa = PBXGroup;
			children = (
				DEBA52B0227044890062C1F8 /* CustomTableView */,
				DEBA52AF227044890062C1F8 /* Products */,
			);
			sourceTree = "<group>";
		};
		DEBA52AF227044890062C1F8 /* Products */ = {
			isa = PBXGroup;
			children = (
				DEBA52AE227044890062C1F8 /* CustomTableView.app */,
			);
			name = Products;
			sourceTree = "<group>";
		};
		DEBA52B0227044890062C1F8 /* CustomTableView */ = {
			isa = PBXGroup;
			children = (
				DEBA52B1227044890062C1F8 /* AppDelegate.h */,
				DEBA52B2227044890062C1F8 /* AppDelegate.m */,
				DEBA52B4227044890062C1F8 /* ViewController.h */,
				DEBA52CE227048360062C1F8 /* female.jpg */,
				DEBA52B5227044890062C1F8 /* ViewController.m */,
				DEBA52CC227048310062C1F8 /* male.jpg */,
				DEBA52B7227044890062C1F8 /* Main.storyboard */,
				DEBA52BA227044920062C1F8 /* Assets.xcassets */,
				DEBA52BC227044920062C1F8 /* LaunchScreen.storyboard */,
				DEBA52BF227044920062C1F8 /* Info.plist */,
				DEBA52C0227044920062C1F8 /* main.m */,
				DEBA52C72270462C0062C1F8 /* TableViewController.h */,
				DEBA52C82270462C0062C1F8 /* TableViewController.m */,
				DEBA52D022704AE00062C1F8 /* TableViewCell.h */,
				DEBA52D122704AE00062C1F8 /* TableViewCell.m */,
			);
			path = CustomTableView;
			sourceTree = "<group>";
		};
/* End PBXGroup section */

/* Begin PBXNativeTarget section */
		DEBA52AD227044890062C1F8 /* CustomTableView */ = {
			isa = PBXNativeTarget;
			buildConfigurationList = DEBA52C4227044920062C1F8 /* Build configuration list for PBXNativeTarget "CustomTableView" */;
			buildPhases = (
				DEBA52AA227044890062C1F8 /* Sources */,
				DEBA52AB227044890062C1F8 /* Frameworks */,
				DEBA52AC227044890062C1F8 /* Resources */,
			);
			buildRules = (
			);
			dependencies = (
			);
			name = CustomTableView;
			productName = CustomTableView;
			productReference = DEBA52AE227044890062C1F8 /* CustomTableView.app */;
			productType = "com.apple.product-type.application";
		};
/* End PBXNativeTarget section */

/* Begin PBXProject section */
		DEBA52A6227044890062C1F8 /* Project object */ = {
			isa = PBXProject;
			attributes = {
				LastUpgradeCheck = 1010;
				ORGANIZATIONNAME = ITI;
				TargetAttributes = {
					DEBA52AD227044890062C1F8 = {
						CreatedOnToolsVersion = 10.1;
					};
				};
			};
			buildConfigurationList = DEBA52A9227044890062C1F8 /* Build configuration list for PBXProject "CustomTableView" */;
			compatibilityVersion = "Xcode 9.3";
			developmentRegion = en;
			hasScannedForEncodings = 0;
			knownRegions = (
				en,
				Base,
			);
			mainGroup = DEBA52A5227044890062C1F8;
			productRefGroup = DEBA52AF227044890062C1F8 /* Products */;
			projectDirPath = "";
			projectRoot = "";
			targets = (
				DEBA52AD227044890062C1F8 /* CustomTableView */,
			);
		};
/* End PBXProject section */

/* Begin PBXResourcesBuildPhase section */
		DEBA52AC227044890062C1F8 /* Resources */ = {
			isa = PBXResourcesBuildPhase;
			buildActionMask = 2147483647;
			files = (
				DEBA52BE227044920062C1F8 /* LaunchScreen.storyboard in Resources */,
				DEBA52BB227044920062C1F8 /* Assets.xcassets in Resources */,
				DEBA52CF227048360062C1F8 /* female.jpg in Resources */,
				DEBA52CD227048310062C1F8 /* male.jpg in Resources */,
				DEBA52B9227044890062C1F8 /* Main.storyboard in Resources */,
			);
			runOnlyForDeploymentPostprocessing = 0;
		};
/* End PBXResourcesBuildPhase section */

/* Begin PBXSourcesBuildPhase section */
		DEBA52AA227044890062C1F8 /* Sources */ = {
			isa = PBXSourcesBuildPhase;
			buildActionMask = 2147483647;
			files = (
				DEBA52B6227044890062C1F8 /* ViewController.m in Sources */,
				DEBA52C1227044920062C1F8 /* main.m in Sources */,
				DEBA52B3227044890062C1F8 /* AppDelegate.m in Sources */,
				DEBA52D222704AE00062C1F8 /* TableViewCell.m in Sources */,
				DEBA52C92270462C0062C1F8 /* TableViewController.m in Sources */,
			);
			runOnlyForDeploymentPostprocessing = 0;
		};
/* End PBXSourcesBuildPhase section */

/* Begin PBXVariantGroup section */
		DEBA52B7227044890062C1F8 /* Main.storyboard */ = {
			isa = PBXVariantGroup;
			children = (
				DEBA52B8227044890062C1F8 /* Base */,
			);
			name = Main.storyboard;
			sourceTree = "<group>";
		};
		DEBA52BC227044920062C1F8 /* LaunchScreen.storyboard */ = {
			isa = PBXVariantGroup;
			children = (
				DEBA52BD227044920062C1F8 /* Base */,
			);
			name = LaunchScreen.storyboard;
			sourceTree = "<group>";
		};
/* End PBXVariantGroup section */

/* Begin XCBuildConfiguration section */
		DEBA52C2227044920062C1F8 /* Debug */ = {
			isa = XCBuildConfiguration;
			buildSettings = {
				ALWAYS_SEARCH_USER_PATHS = NO;
				CLANG_ANALYZER_NONNULL = YES;
				CLANG_ANALYZER_NUMBER_OBJECT_CONVERSION = YES_AGGRESSIVE;
				CLANG_CXX_LANGUAGE_STANDARD = "gnu++14";
				CLANG_CXX_LIBRARY = "libc++";
				CLANG_ENABLE_MODULES = YES;
				CLANG_ENABLE_OBJC_ARC = YES;
				CLANG_ENABLE_OBJC_WEAK = YES;
				CLANG_WARN_BLOCK_CAPTURE_AUTORELEASING = YES;
				CLANG_WARN_BOOL_CONVERSION = YES;
				CLANG_WARN_COMMA = YES;
				CLANG_WARN_CONSTANT_CONVERSION = YES;
				CLANG_WARN_DEPRECATED_OBJC_IMPLEMENTATIONS = YES;
				CLANG_WARN_DIRECT_OBJC_ISA_USAGE = YES_ERROR;
				CLANG_WARN_DOCUMENTATION_COMMENTS = YES;
				CLANG_WARN_EMPTY_BODY = YES;
				CLANG_WARN_ENUM_CONVERSION = YES;
				CLANG_WARN_INFINITE_RECURSION = YES;
				CLANG_WARN_INT_CONVERSION = YES;
				CLANG_WARN_NON_LITERAL_NULL_CONVERSION = YES;
				CLANG_WARN_OBJC_IMPLICIT_RETAIN_SELF = YES;
				CLANG_WARN_OBJC_LITERAL_CONVERSION = YES;
				CLANG_WARN_OBJC_ROOT_CLASS = YES_ERROR;
				CLANG_WARN_RANGE_LOOP_ANALYSIS = YES;
				CLANG_WARN_STRICT_PROTOTYPES = YES;
				CLANG_WARN_SUSPICIOUS_MOVE = YES;
				CLANG_WARN_UNGUARDED_AVAILABILITY = YES_AGGRESSIVE;
				CLANG_WARN_UNREACHABLE_CODE = YES;
				CLANG_WARN__DUPLICATE_METHOD_MATCH = YES;
				CODE_SIGN_IDENTITY = "iPhone Developer";
				COPY_PHASE_STRIP = NO;
				DEBUG_INFORMATION_FORMAT = dwarf;
				ENABLE_STRICT_OBJC_MSGSEND = YES;
				ENABLE_TESTABILITY = YES;
				GCC_C_LANGUAGE_STANDARD = gnu11;
				GCC_DYNAMIC_NO_PIC = NO;
				GCC_NO_COMMON_BLOCKS = YES;
				GCC_OPTIMIZATION_LEVEL = 0;
				GCC_PREPROCESSOR_DEFINITIONS = (
					"DEBUG=1",
					"$(inherited)",
				);
				GCC_WARN_64_TO_32_BIT_CONVERSION = YES;
				GCC_WARN_ABOUT_RETURN_TYPE = YES_ERROR;
				GCC_WARN_UNDECLARED_SELECTOR = YES;
				GCC_WARN_UNINITIALIZED_AUTOS = YES_AGGRESSIVE;
				GCC_WARN_UNUSED_FUNCTION = YES;
				GCC_WARN_UNUSED_VARIABLE = YES;
				IPHONEOS_DEPLOYMENT_TARGET = 12.1;
				MTL_ENABLE_DEBUG_INFO = INCLUDE_SOURCE;
				MTL_FAST_MATH = YES;
				ONLY_ACTIVE_ARCH = YES;
				SDKROOT = iphoneos;
			};
			name = Debug;
		};
		DEBA52C3227044920062C1F8 /* Release */ = {
			isa = XCBuildConfiguration;
			buildSettings = {
				ALWAYS_SEARCH_USER_PATHS = NO;
				CLANG_ANALYZER_NONNULL = YES;
				CLANG_ANALYZER_NUMBER_OBJECT_CONVERSION = YES_AGGRESSIVE;
				CLANG_CXX_LANGUAGE_STANDARD = "gnu++14";
				CLANG_CXX_LIBRARY = "libc++";
				CLANG_ENABLE_MODULES = YES;
				CLANG_ENABLE_OBJC_ARC = YES;
				CLANG_ENABLE_OBJC_WEAK = YES;
				CLANG_WARN_BLOCK_CAPTURE_AUTORELEASING = YES;
				CLANG_WARN_BOOL_CONVERSION = YES;
				CLANG_WARN_COMMA = YES;
				CLANG_WARN_CONSTANT_CONVERSION = YES;
				CLANG_WARN_DEPRECATED_OBJC_IMPLEMENTATIONS = YES;
				CLANG_WARN_DIRECT_OBJC_ISA_USAGE = YES_ERROR;
				CLANG_WARN_DOCUMENTATION_COMMENTS = YES;
				CLANG_WARN_EMPTY_BODY = YES;
				CLANG_WARN_ENUM_CONVERSION = YES;
				CLANG_WARN_INFINITE_RECURSION = YES;
				CLANG_WARN_INT_CONVERSION = YES;
				CLANG_WARN_NON_LITERAL_NULL_CONVERSION = YES;
				CLANG_WARN_OBJC_IMPLICIT_RETAIN_SELF = YES;
				CLANG_WARN_OBJC_LITERAL_CONVERSION = YES;
				CLANG_WARN_OBJC_ROOT_CLASS = YES_ERROR;
				CLANG_WARN_RANGE_LOOP_ANALYSIS = YES;
				CLANG_WARN_STRICT_PROTOTYPES = YES;
				CLANG_WARN_SUSPICIOUS_MOVE = YES;
				CLANG_WARN_UNGUARDED_AVAILABILITY = YES_AGGRESSIVE;
				CLANG_WARN_UNREACHABLE_CODE = YES;
				CLANG_WARN__DUPLICATE_METHOD_MATCH = YES;
				CODE_SIGN_IDENTITY = "iPhone Developer";
				COPY_PHASE_STRIP = NO;
				DEBUG_INFORMATION_FORMAT = "dwarf-with-dsym";
				ENABLE_NS_ASSERTIONS = NO;
				ENABLE_STRICT_OBJC_MSGSEND = YES;
				GCC_C_LANGUAGE_STANDARD = gnu11;
				GCC_NO_COMMON_BLOCKS = YES;
				GCC_WARN_64_TO_32_BIT_CONVERSION = YES;
				GCC_WARN_ABOUT_RETURN_TYPE = YES_ERROR;
				GCC_WARN_UNDECLARED_SELECTOR = YES;
				GCC_WARN_UNINITIALIZED_AUTOS = YES_AGGRESSIVE;
				GCC_WARN_UNUSED_FUNCTION = YES;
				GCC_WARN_UNUSED_VARIABLE = YES;
				IPHONEOS_DEPLOYMENT_TARGET = 12.1;
				MTL_ENABLE_DEBUG_INFO = NO;
				MTL_FAST_MATH = YES;
				SDKROOT = iphoneos;
				VALIDATE_PRODUCT = YES;
			};
			name = Release;
		};
		DEBA52C5227044920062C1F8 /* Debug */ = {
			isa = XCBuildConfiguration;
			buildSettings = {
				ASSETCATALOG_COMPILER_APPICON_NAME = AppIcon;
				CODE_SIGN_STYLE = Automatic;
				INFOPLIST_FILE = CustomTableView/Info.plist;
				LD_RUNPATH_SEARCH_PATHS = (
					"$(inherited)",
					"@executable_path/Frameworks",
				);
				PRODUCT_BUNDLE_IDENTIFIER = Yasmin.CustomTableView;
				PRODUCT_NAME = "$(TARGET_NAME)";
				TARGETED_DEVICE_FAMILY = "1,2";
			};
			name = Debug;
		};
		DEBA52C6227044920062C1F8 /* Release */ = {
			isa = XCBuildConfiguration;
			buildSettings = {
				ASSETCATALOG_COMPILER_APPICON_NAME = AppIcon;
				CODE_SIGN_STYLE = Automatic;
				INFOPLIST_FILE = CustomTableView/Info.plist;
				LD_RUNPATH_SEARCH_PATHS = (
					"$(inherited)",
					"@executable_path/Frameworks",
				);
				PRODUCT_BUNDLE_IDENTIFIER = Yasmin.CustomTableView;
				PRODUCT_NAME = "$(TARGET_NAME)";
				TARGETED_DEVICE_FAMILY = "1,2";
			};
			name = Release;
		};
/* End XCBuildConfiguration section */

/* Begin XCConfigurationList section */
		DEBA52A9227044890062C1F8 /* Build configuration list for PBXProject "CustomTableView" */ = {
			isa = XCConfigurationList;
			buildConfigurations = (
				DEBA52C2227044920062C1F8 /* Debug */,
				DEBA52C3227044920062C1F8 /* Release */,
			);
			defaultConfigurationIsVisible = 0;
			defaultConfigurationName = Release;
		};
		DEBA52C4227044920062C1F8 /* Build configuration list for PBXNativeTarget "CustomTableView" */ = {
			isa = XCConfigurationList;
			buildConfigurations = (
				DEBA52C5227044920062C1F8 /* Debug */,
				DEBA52C6227044920062C1F8 /* Release */,
			);
			defaultConfigurationIsVisible = 0;
			defaultConfigurationName = Release;
		};
/* End XCConfigurationList section */
	};
	rootObject = DEBA52A6227044890062C1F8 /* Project object */;
}
