// !$*UTF8*$!
{
	archiveVersion = 1;
	classes = {
	};
	objectVersion = 50;
	objects = {

/* Begin PBXBuildFile section */
		DEECE8542261D10200AB0A68 /* AppDelegate.m in Sources */ = {isa = PBXBuildFile; fileRef = DEECE8532261D10200AB0A68 /* AppDelegate.m */; };
		DEECE8572261D10200AB0A68 /* ViewController.m in Sources */ = {isa = PBXBuildFile; fileRef = DEECE8562261D10200AB0A68 /* ViewController.m */; };
		DEECE85A2261D10200AB0A68 /* Main.storyboard in Resources */ = {isa = PBXBuildFile; fileRef = DEECE8582261D10200AB0A68 /* Main.storyboard */; };
		DEECE85C2261D10D00AB0A68 /* Assets.xcassets in Resources */ = {isa = PBXBuildFile; fileRef = DEECE85B2261D10D00AB0A68 /* Assets.xcassets */; };
		DEECE85F2261D10D00AB0A68 /* LaunchScreen.storyboard in Resources */ = {isa = PBXBuildFile; fileRef = DEECE85D2261D10D00AB0A68 /* LaunchScreen.storyboard */; };
		DEECE8622261D10D00AB0A68 /* main.m in Sources */ = {isa = PBXBuildFile; fileRef = DEECE8612261D10D00AB0A68 /* main.m */; };
		DEECE86D2261DB3400AB0A68 /* SecondViewController.m in Sources */ = {isa = PBXBuildFile; fileRef = DEECE86C2261DB3400AB0A68 /* SecondViewController.m */; };
/* End PBXBuildFile section */

/* Begin PBXFileReference section */
		DEECE84F2261D10200AB0A68 /* iOSsecond.app */ = {isa = PBXFileReference; explicitFileType = wrapper.application; includeInIndex = 0; path = iOSsecond.app; sourceTree = BUILT_PRODUCTS_DIR; };
		DEECE8522261D10200AB0A68 /* AppDelegate.h */ = {isa = PBXFileReference; lastKnownFileType = sourcecode.c.h; path = AppDelegate.h; sourceTree = "<group>"; };
		DEECE8532261D10200AB0A68 /* AppDelegate.m */ = {isa = PBXFileReference; lastKnownFileType = sourcecode.c.objc; path = AppDelegate.m; sourceTree = "<group>"; };
		DEECE8552261D10200AB0A68 /* ViewController.h */ = {isa = PBXFileReference; lastKnownFileType = sourcecode.c.h; path = ViewController.h; sourceTree = "<group>"; };
		DEECE8562261D10200AB0A68 /* ViewController.m */ = {isa = PBXFileReference; lastKnownFileType = sourcecode.c.objc; path = ViewController.m; sourceTree = "<group>"; };
		DEECE8592261D10200AB0A68 /* Base */ = {isa = PBXFileReference; lastKnownFileType = file.storyboard; name = Base; path = Base.lproj/Main.storyboard; sourceTree = "<group>"; };
		DEECE85B2261D10D00AB0A68 /* Assets.xcassets */ = {isa = PBXFileReference; lastKnownFileType = folder.assetcatalog; path = Assets.xcassets; sourceTree = "<group>"; };
		DEECE85E2261D10D00AB0A68 /* Base */ = {isa = PBXFileReference; lastKnownFileType = file.storyboard; name = Base; path = Base.lproj/LaunchScreen.storyboard; sourceTree = "<group>"; };
		DEECE8602261D10D00AB0A68 /* Info.plist */ = {isa = PBXFileReference; lastKnownFileType = text.plist.xml; path = Info.plist; sourceTree = "<group>"; };
		DEECE8612261D10D00AB0A68 /* main.m */ = {isa = PBXFileReference; lastKnownFileType = sourcecode.c.objc; path = main.m; sourceTree = "<group>"; };
		DEECE86B2261DB3400AB0A68 /* SecondViewController.h */ = {isa = PBXFileReference; lastKnownFileType = sourcecode.c.h; path = SecondViewController.h; sourceTree = "<group>"; };
		DEECE86C2261DB3400AB0A68 /* SecondViewController.m */ = {isa = PBXFileReference; lastKnownFileType = sourcecode.c.objc; path = SecondViewController.m; sourceTree = "<group>"; };
		DEECE8942261F49400AB0A68 /* MyProrocol.h */ = {isa = PBXFileReference; lastKnownFileType = sourcecode.c.h; path = MyProrocol.h; sourceTree = "<group>"; };
/* End PBXFileReference section */

/* Begin PBXFrameworksBuildPhase section */
		DEECE84C2261D10200AB0A68 /* Frameworks */ = {
			isa = PBXFrameworksBuildPhase;
			buildActionMask = 2147483647;
			files = (
			);
			runOnlyForDeploymentPostprocessing = 0;
		};
/* End PBXFrameworksBuildPhase section */

/* Begin PBXGroup section */
		DEECE8462261D10200AB0A68 = {
			isa = PBXGroup;
			children = (
				DEECE8512261D10200AB0A68 /* iOSsecond */,
				DEECE8502261D10200AB0A68 /* Products */,
			);
			sourceTree = "<group>";
		};
		DEECE8502261D10200AB0A68 /* Products */ = {
			isa = PBXGroup;
			children = (
				DEECE84F2261D10200AB0A68 /* iOSsecond.app */,
			);
			name = Products;
			sourceTree = "<group>";
		};
		DEECE8512261D10200AB0A68 /* iOSsecond */ = {
			isa = PBXGroup;
			children = (
				DEECE8522261D10200AB0A68 /* AppDelegate.h */,
				DEECE8532261D10200AB0A68 /* AppDelegate.m */,
				DEECE8552261D10200AB0A68 /* ViewController.h */,
				DEECE8562261D10200AB0A68 /* ViewController.m */,
				DEECE8582261D10200AB0A68 /* Main.storyboard */,
				DEECE85B2261D10D00AB0A68 /* Assets.xcassets */,
				DEECE85D2261D10D00AB0A68 /* LaunchScreen.storyboard */,
				DEECE8602261D10D00AB0A68 /* Info.plist */,
				DEECE8612261D10D00AB0A68 /* main.m */,
				DEECE86B2261DB3400AB0A68 /* SecondViewController.h */,
				DEECE86C2261DB3400AB0A68 /* SecondViewController.m */,
				DEECE8942261F49400AB0A68 /* MyProrocol.h */,
			);
			path = iOSsecond;
			sourceTree = "<group>";
		};
/* End PBXGroup section */

/* Begin PBXNativeTarget section */
		DEECE84E2261D10200AB0A68 /* iOSsecond */ = {
			isa = PBXNativeTarget;
			buildConfigurationList = DEECE8652261D10D00AB0A68 /* Build configuration list for PBXNativeTarget "iOSsecond" */;
			buildPhases = (
				DEECE84B2261D10200AB0A68 /* Sources */,
				DEECE84C2261D10200AB0A68 /* Frameworks */,
				DEECE84D2261D10200AB0A68 /* Resources */,
			);
			buildRules = (
			);
			dependencies = (
			);
			name = iOSsecond;
			productName = iOSsecond;
			productReference = DEECE84F2261D10200AB0A68 /* iOSsecond.app */;
			productType = "com.apple.product-type.application";
		};
/* End PBXNativeTarget section */

/* Begin PBXProject section */
		DEECE8472261D10200AB0A68 /* Project object */ = {
			isa = PBXProject;
			attributes = {
				LastUpgradeCheck = 1010;
				ORGANIZATIONNAME = ITI;
				TargetAttributes = {
					DEECE84E2261D10200AB0A68 = {
						CreatedOnToolsVersion = 10.1;
					};
				};
			};
			buildConfigurationList = DEECE84A2261D10200AB0A68 /* Build configuration list for PBXProject "iOSsecond" */;
			compatibilityVersion = "Xcode 9.3";
			developmentRegion = en;
			hasScannedForEncodings = 0;
			knownRegions = (
				en,
				Base,
			);
			mainGroup = DEECE8462261D10200AB0A68;
			productRefGroup = DEECE8502261D10200AB0A68 /* Products */;
			projectDirPath = "";
			projectRoot = "";
			targets = (
				DEECE84E2261D10200AB0A68 /* iOSsecond */,
			);
		};
/* End PBXProject section */

/* Begin PBXResourcesBuildPhase section */
		DEECE84D2261D10200AB0A68 /* Resources */ = {
			isa = PBXResourcesBuildPhase;
			buildActionMask = 2147483647;
			files = (
				DEECE85F2261D10D00AB0A68 /* LaunchScreen.storyboard in Resources */,
				DEECE85C2261D10D00AB0A68 /* Assets.xcassets in Resources */,
				DEECE85A2261D10200AB0A68 /* Main.storyboard in Resources */,
			);
			runOnlyForDeploymentPostprocessing = 0;
		};
/* End PBXResourcesBuildPhase section */

/* Begin PBXSourcesBuildPhase section */
		DEECE84B2261D10200AB0A68 /* Sources */ = {
			isa = PBXSourcesBuildPhase;
			buildActionMask = 2147483647;
			files = (
				DEECE86D2261DB3400AB0A68 /* SecondViewController.m in Sources */,
				DEECE8572261D10200AB0A68 /* ViewController.m in Sources */,
				DEECE8622261D10D00AB0A68 /* main.m in Sources */,
				DEECE8542261D10200AB0A68 /* AppDelegate.m in Sources */,
			);
			runOnlyForDeploymentPostprocessing = 0;
		};
/* End PBXSourcesBuildPhase section */

/* Begin PBXVariantGroup section */
		DEECE8582261D10200AB0A68 /* Main.storyboard */ = {
			isa = PBXVariantGroup;
			children = (
				DEECE8592261D10200AB0A68 /* Base */,
			);
			name = Main.storyboard;
			sourceTree = "<group>";
		};
		DEECE85D2261D10D00AB0A68 /* LaunchScreen.storyboard */ = {
			isa = PBXVariantGroup;
			children = (
				DEECE85E2261D10D00AB0A68 /* Base */,
			);
			name = LaunchScreen.storyboard;
			sourceTree = "<group>";
		};
/* End PBXVariantGroup section */

/* Begin XCBuildConfiguration section */
		DEECE8632261D10D00AB0A68 /* Debug */ = {
			isa = XCBuildConfiguration;
			buildSettings = {
				ALWAYS_SEARCH_USER_PATHS = NO;
				CLANG_ANALYZER_NONNULL = YES;
				CLANG_ANALYZER_NUMBER_OBJECT_CONVERSION = YES_AGGRESSIVE;
				CLANG_CXX_LANGUAGE_STANDARD = "gnu++14";
				CLANG_CXX_LIBRARY = "libc++";
				CLANG_ENABLE_MODULES = YES;
				CLANG_ENABLE_OBJC_ARC = YES;
				CLANG_ENABLE_OBJC_WEAK = YES;
				CLANG_WARN_BLOCK_CAPTURE_AUTORELEASING = YES;
				CLANG_WARN_BOOL_CONVERSION = YES;
				CLANG_WARN_COMMA = YES;
				CLANG_WARN_CONSTANT_CONVERSION = YES;
				CLANG_WARN_DEPRECATED_OBJC_IMPLEMENTATIONS = YES;
				CLANG_WARN_DIRECT_OBJC_ISA_USAGE = YES_ERROR;
				CLANG_WARN_DOCUMENTATION_COMMENTS = YES;
				CLANG_WARN_EMPTY_BODY = YES;
				CLANG_WARN_ENUM_CONVERSION = YES;
				CLANG_WARN_INFINITE_RECURSION = YES;
				CLANG_WARN_INT_CONVERSION = YES;
				CLANG_WARN_NON_LITERAL_NULL_CONVERSION = YES;
				CLANG_WARN_OBJC_IMPLICIT_RETAIN_SELF = YES;
				CLANG_WARN_OBJC_LITERAL_CONVERSION = YES;
				CLANG_WARN_OBJC_ROOT_CLASS = YES_ERROR;
				CLANG_WARN_RANGE_LOOP_ANALYSIS = YES;
				CLANG_WARN_STRICT_PROTOTYPES = YES;
				CLANG_WARN_SUSPICIOUS_MOVE = YES;
				CLANG_WARN_UNGUARDED_AVAILABILITY = YES_AGGRESSIVE;
				CLANG_WARN_UNREACHABLE_CODE = YES;
				CLANG_WARN__DUPLICATE_METHOD_MATCH = YES;
				CODE_SIGN_IDENTITY = "iPhone Developer";
				COPY_PHASE_STRIP = NO;
				DEBUG_INFORMATION_FORMAT = dwarf;
				ENABLE_STRICT_OBJC_MSGSEND = YES;
				ENABLE_TESTABILITY = YES;
				GCC_C_LANGUAGE_STANDARD = gnu11;
				GCC_DYNAMIC_NO_PIC = NO;
				GCC_NO_COMMON_BLOCKS = YES;
				GCC_OPTIMIZATION_LEVEL = 0;
				GCC_PREPROCESSOR_DEFINITIONS = (
					"DEBUG=1",
					"$(inherited)",
				);
				GCC_WARN_64_TO_32_BIT_CONVERSION = YES;
				GCC_WARN_ABOUT_RETURN_TYPE = YES_ERROR;
				GCC_WARN_UNDECLARED_SELECTOR = YES;
				GCC_WARN_UNINITIALIZED_AUTOS = YES_AGGRESSIVE;
				GCC_WARN_UNUSED_FUNCTION = YES;
				GCC_WARN_UNUSED_VARIABLE = YES;
				IPHONEOS_DEPLOYMENT_TARGET = 12.1;
				MTL_ENABLE_DEBUG_INFO = INCLUDE_SOURCE;
				MTL_FAST_MATH = YES;
				ONLY_ACTIVE_ARCH = YES;
				SDKROOT = iphoneos;
			};
			name = Debug;
		};
		DEECE8642261D10D00AB0A68 /* Release */ = {
			isa = XCBuildConfiguration;
			buildSettings = {
				ALWAYS_SEARCH_USER_PATHS = NO;
				CLANG_ANALYZER_NONNULL = YES;
				CLANG_ANALYZER_NUMBER_OBJECT_CONVERSION = YES_AGGRESSIVE;
				CLANG_CXX_LANGUAGE_STANDARD = "gnu++14";
				CLANG_CXX_LIBRARY = "libc++";
				CLANG_ENABLE_MODULES = YES;
				CLANG_ENABLE_OBJC_ARC = YES;
				CLANG_ENABLE_OBJC_WEAK = YES;
				CLANG_WARN_BLOCK_CAPTURE_AUTORELEASING = YES;
				CLANG_WARN_BOOL_CONVERSION = YES;
				CLANG_WARN_COMMA = YES;
				CLANG_WARN_CONSTANT_CONVERSION = YES;
				CLANG_WARN_DEPRECATED_OBJC_IMPLEMENTATIONS = YES;
				CLANG_WARN_DIRECT_OBJC_ISA_USAGE = YES_ERROR;
				CLANG_WARN_DOCUMENTATION_COMMENTS = YES;
				CLANG_WARN_EMPTY_BODY = YES;
				CLANG_WARN_ENUM_CONVERSION = YES;
				CLANG_WARN_INFINITE_RECURSION = YES;
				CLANG_WARN_INT_CONVERSION = YES;
				CLANG_WARN_NON_LITERAL_NULL_CONVERSION = YES;
				CLANG_WARN_OBJC_IMPLICIT_RETAIN_SELF = YES;
				CLANG_WARN_OBJC_LITERAL_CONVERSION = YES;
				CLANG_WARN_OBJC_ROOT_CLASS = YES_ERROR;
				CLANG_WARN_RANGE_LOOP_ANALYSIS = YES;
				CLANG_WARN_STRICT_PROTOTYPES = YES;
				CLANG_WARN_SUSPICIOUS_MOVE = YES;
				CLANG_WARN_UNGUARDED_AVAILABILITY = YES_AGGRESSIVE;
				CLANG_WARN_UNREACHABLE_CODE = YES;
				CLANG_WARN__DUPLICATE_METHOD_MATCH = YES;
				CODE_SIGN_IDENTITY = "iPhone Developer";
				COPY_PHASE_STRIP = NO;
				DEBUG_INFORMATION_FORMAT = "dwarf-with-dsym";
				ENABLE_NS_ASSERTIONS = NO;
				ENABLE_STRICT_OBJC_MSGSEND = YES;
				GCC_C_LANGUAGE_STANDARD = gnu11;
				GCC_NO_COMMON_BLOCKS = YES;
				GCC_WARN_64_TO_32_BIT_CONVERSION = YES;
				GCC_WARN_ABOUT_RETURN_TYPE = YES_ERROR;
				GCC_WARN_UNDECLARED_SELECTOR = YES;
				GCC_WARN_UNINITIALIZED_AUTOS = YES_AGGRESSIVE;
				GCC_WARN_UNUSED_FUNCTION = YES;
				GCC_WARN_UNUSED_VARIABLE = YES;
				IPHONEOS_DEPLOYMENT_TARGET = 12.1;
				MTL_ENABLE_DEBUG_INFO = NO;
				MTL_FAST_MATH = YES;
				SDKROOT = iphoneos;
				VALIDATE_PRODUCT = YES;
			};
			name = Release;
		};
		DEECE8662261D10D00AB0A68 /* Debug */ = {
			isa = XCBuildConfiguration;
			buildSettings = {
				ASSETCATALOG_COMPILER_APPICON_NAME = AppIcon;
				CODE_SIGN_STYLE = Automatic;
				DEVELOPMENT_TEAM = 4A7V88VLG8;
				INFOPLIST_FILE = iOSsecond/Info.plist;
				LD_RUNPATH_SEARCH_PATHS = (
					"$(inherited)",
					"@executable_path/Frameworks",
				);
				PRODUCT_BUNDLE_IDENTIFIER = Yasmin.iOSsecond;
				PRODUCT_NAME = "$(TARGET_NAME)";
				TARGETED_DEVICE_FAMILY = "1,2";
			};
			name = Debug;
		};
		DEECE8672261D10D00AB0A68 /* Release */ = {
			isa = XCBuildConfiguration;
			buildSettings = {
				ASSETCATALOG_COMPILER_APPICON_NAME = AppIcon;
				CODE_SIGN_STYLE = Automatic;
				DEVELOPMENT_TEAM = 4A7V88VLG8;
				INFOPLIST_FILE = iOSsecond/Info.plist;
				LD_RUNPATH_SEARCH_PATHS = (
					"$(inherited)",
					"@executable_path/Frameworks",
				);
				PRODUCT_BUNDLE_IDENTIFIER = Yasmin.iOSsecond;
				PRODUCT_NAME = "$(TARGET_NAME)";
				TARGETED_DEVICE_FAMILY = "1,2";
			};
			name = Release;
		};
/* End XCBuildConfiguration section */

/* Begin XCConfigurationList section */
		DEECE84A2261D10200AB0A68 /* Build configuration list for PBXProject "iOSsecond" */ = {
			isa = XCConfigurationList;
			buildConfigurations = (
				DEECE8632261D10D00AB0A68 /* Debug */,
				DEECE8642261D10D00AB0A68 /* Release */,
			);
			defaultConfigurationIsVisible = 0;
			defaultConfigurationName = Release;
		};
		DEECE8652261D10D00AB0A68 /* Build configuration list for PBXNativeTarget "iOSsecond" */ = {
			isa = XCConfigurationList;
			buildConfigurations = (
				DEECE8662261D10D00AB0A68 /* Debug */,
				DEECE8672261D10D00AB0A68 /* Release */,
			);
			defaultConfigurationIsVisible = 0;
			defaultConfigurationName = Release;
		};
/* End XCConfigurationList section */
	};
	rootObject = DEECE8472261D10200AB0A68 /* Project object */;
}
