// !$*UTF8*$!
{
	archiveVersion = 1;
	classes = {
	};
	objectVersion = 50;
	objects = {

/* Begin PBXBuildFile section */
		DE9C11FD2264894900AEE403 /* AppDelegate.m in Sources */ = {isa = PBXBuildFile; fileRef = DE9C11FC2264894900AEE403 /* AppDelegate.m */; };
		DE9C12002264894900AEE403 /* ViewController.m in Sources */ = {isa = PBXBuildFile; fileRef = DE9C11FF2264894900AEE403 /* ViewController.m */; };
		DE9C12032264894900AEE403 /* Main.storyboard in Resources */ = {isa = PBXBuildFile; fileRef = DE9C12012264894900AEE403 /* Main.storyboard */; };
		DE9C12052264895000AEE403 /* Assets.xcassets in Resources */ = {isa = PBXBuildFile; fileRef = DE9C12042264895000AEE403 /* Assets.xcassets */; };
		DE9C12082264895000AEE403 /* LaunchScreen.storyboard in Resources */ = {isa = PBXBuildFile; fileRef = DE9C12062264895000AEE403 /* LaunchScreen.storyboard */; };
		DE9C120B2264895000AEE403 /* main.m in Sources */ = {isa = PBXBuildFile; fileRef = DE9C120A2264895000AEE403 /* main.m */; };
		DE9C12122264964E00AEE403 /* images.png in Resources */ = {isa = PBXBuildFile; fileRef = DE9C12112264964E00AEE403 /* images.png */; };
		DE9C12142264968600AEE403 /* images2.png in Resources */ = {isa = PBXBuildFile; fileRef = DE9C12132264968600AEE403 /* images2.png */; };
/* End PBXBuildFile section */

/* Begin PBXFileReference section */
		DE9C11F82264894900AEE403 /* thirdLab.app */ = {isa = PBXFileReference; explicitFileType = wrapper.application; includeInIndex = 0; path = thirdLab.app; sourceTree = BUILT_PRODUCTS_DIR; };
		DE9C11FB2264894900AEE403 /* AppDelegate.h */ = {isa = PBXFileReference; lastKnownFileType = sourcecode.c.h; path = AppDelegate.h; sourceTree = "<group>"; };
		DE9C11FC2264894900AEE403 /* AppDelegate.m */ = {isa = PBXFileReference; lastKnownFileType = sourcecode.c.objc; path = AppDelegate.m; sourceTree = "<group>"; };
		DE9C11FE2264894900AEE403 /* ViewController.h */ = {isa = PBXFileReference; lastKnownFileType = sourcecode.c.h; path = ViewController.h; sourceTree = "<group>"; };
		DE9C11FF2264894900AEE403 /* ViewController.m */ = {isa = PBXFileReference; lastKnownFileType = sourcecode.c.objc; path = ViewController.m; sourceTree = "<group>"; };
		DE9C12022264894900AEE403 /* Base */ = {isa = PBXFileReference; lastKnownFileType = file.storyboard; name = Base; path = Base.lproj/Main.storyboard; sourceTree = "<group>"; };
		DE9C12042264895000AEE403 /* Assets.xcassets */ = {isa = PBXFileReference; lastKnownFileType = folder.assetcatalog; path = Assets.xcassets; sourceTree = "<group>"; };
		DE9C12072264895000AEE403 /* Base */ = {isa = PBXFileReference; lastKnownFileType = file.storyboard; name = Base; path = Base.lproj/LaunchScreen.storyboard; sourceTree = "<group>"; };
		DE9C12092264895000AEE403 /* Info.plist */ = {isa = PBXFileReference; lastKnownFileType = text.plist.xml; path = Info.plist; sourceTree = "<group>"; };
		DE9C120A2264895000AEE403 /* main.m */ = {isa = PBXFileReference; lastKnownFileType = sourcecode.c.objc; path = main.m; sourceTree = "<group>"; };
		DE9C12112264964E00AEE403 /* images.png */ = {isa = PBXFileReference; lastKnownFileType = image.png; path = images.png; sourceTree = "<group>"; };
		DE9C12132264968600AEE403 /* images2.png */ = {isa = PBXFileReference; lastKnownFileType = image.png; path = images2.png; sourceTree = "<group>"; };
/* End PBXFileReference section */

/* Begin PBXFrameworksBuildPhase section */
		DE9C11F52264894900AEE403 /* Frameworks */ = {
			isa = PBXFrameworksBuildPhase;
			buildActionMask = 2147483647;
			files = (
			);
			runOnlyForDeploymentPostprocessing = 0;
		};
/* End PBXFrameworksBuildPhase section */

/* Begin PBXGroup section */
		DE9C11EF2264894900AEE403 = {
			isa = PBXGroup;
			children = (
				DE9C11FA2264894900AEE403 /* thirdLab */,
				DE9C11F92264894900AEE403 /* Products */,
			);
			sourceTree = "<group>";
		};
		DE9C11F92264894900AEE403 /* Products */ = {
			isa = PBXGroup;
			children = (
				DE9C11F82264894900AEE403 /* thirdLab.app */,
			);
			name = Products;
			sourceTree = "<group>";
		};
		DE9C11FA2264894900AEE403 /* thirdLab */ = {
			isa = PBXGroup;
			children = (
				DE9C12132264968600AEE403 /* images2.png */,
				DE9C12112264964E00AEE403 /* images.png */,
				DE9C11FB2264894900AEE403 /* AppDelegate.h */,
				DE9C11FC2264894900AEE403 /* AppDelegate.m */,
				DE9C11FE2264894900AEE403 /* ViewController.h */,
				DE9C11FF2264894900AEE403 /* ViewController.m */,
				DE9C12012264894900AEE403 /* Main.storyboard */,
				DE9C12042264895000AEE403 /* Assets.xcassets */,
				DE9C12062264895000AEE403 /* LaunchScreen.storyboard */,
				DE9C12092264895000AEE403 /* Info.plist */,
				DE9C120A2264895000AEE403 /* main.m */,
			);
			path = thirdLab;
			sourceTree = "<group>";
		};
/* End PBXGroup section */

/* Begin PBXNativeTarget section */
		DE9C11F72264894900AEE403 /* thirdLab */ = {
			isa = PBXNativeTarget;
			buildConfigurationList = DE9C120E2264895000AEE403 /* Build configuration list for PBXNativeTarget "thirdLab" */;
			buildPhases = (
				DE9C11F42264894900AEE403 /* Sources */,
				DE9C11F52264894900AEE403 /* Frameworks */,
				DE9C11F62264894900AEE403 /* Resources */,
			);
			buildRules = (
			);
			dependencies = (
			);
			name = thirdLab;
			productName = thirdLab;
			productReference = DE9C11F82264894900AEE403 /* thirdLab.app */;
			productType = "com.apple.product-type.application";
		};
/* End PBXNativeTarget section */

/* Begin PBXProject section */
		DE9C11F02264894900AEE403 /* Project object */ = {
			isa = PBXProject;
			attributes = {
				LastUpgradeCheck = 1010;
				ORGANIZATIONNAME = ITI;
				TargetAttributes = {
					DE9C11F72264894900AEE403 = {
						CreatedOnToolsVersion = 10.1;
					};
				};
			};
			buildConfigurationList = DE9C11F32264894900AEE403 /* Build configuration list for PBXProject "thirdLab" */;
			compatibilityVersion = "Xcode 9.3";
			developmentRegion = en;
			hasScannedForEncodings = 0;
			knownRegions = (
				en,
				Base,
			);
			mainGroup = DE9C11EF2264894900AEE403;
			productRefGroup = DE9C11F92264894900AEE403 /* Products */;
			projectDirPath = "";
			projectRoot = "";
			targets = (
				DE9C11F72264894900AEE403 /* thirdLab */,
			);
		};
/* End PBXProject section */

/* Begin PBXResourcesBuildPhase section */
		DE9C11F62264894900AEE403 /* Resources */ = {
			isa = PBXResourcesBuildPhase;
			buildActionMask = 2147483647;
			files = (
				DE9C12082264895000AEE403 /* LaunchScreen.storyboard in Resources */,
				DE9C12052264895000AEE403 /* Assets.xcassets in Resources */,
				DE9C12032264894900AEE403 /* Main.storyboard in Resources */,
				DE9C12122264964E00AEE403 /* images.png in Resources */,
				DE9C12142264968600AEE403 /* images2.png in Resources */,
			);
			runOnlyForDeploymentPostprocessing = 0;
		};
/* End PBXResourcesBuildPhase section */

/* Begin PBXSourcesBuildPhase section */
		DE9C11F42264894900AEE403 /* Sources */ = {
			isa = PBXSourcesBuildPhase;
			buildActionMask = 2147483647;
			files = (
				DE9C12002264894900AEE403 /* ViewController.m in Sources */,
				DE9C120B2264895000AEE403 /* main.m in Sources */,
				DE9C11FD2264894900AEE403 /* AppDelegate.m in Sources */,
			);
			runOnlyForDeploymentPostprocessing = 0;
		};
/* End PBXSourcesBuildPhase section */

/* Begin PBXVariantGroup section */
		DE9C12012264894900AEE403 /* Main.storyboard */ = {
			isa = PBXVariantGroup;
			children = (
				DE9C12022264894900AEE403 /* Base */,
			);
			name = Main.storyboard;
			sourceTree = "<group>";
		};
		DE9C12062264895000AEE403 /* LaunchScreen.storyboard */ = {
			isa = PBXVariantGroup;
			children = (
				DE9C12072264895000AEE403 /* Base */,
			);
			name = LaunchScreen.storyboard;
			sourceTree = "<group>";
		};
/* End PBXVariantGroup section */

/* Begin XCBuildConfiguration section */
		DE9C120C2264895000AEE403 /* Debug */ = {
			isa = XCBuildConfiguration;
			buildSettings = {
				ALWAYS_SEARCH_USER_PATHS = NO;
				CLANG_ANALYZER_NONNULL = YES;
				CLANG_ANALYZER_NUMBER_OBJECT_CONVERSION = YES_AGGRESSIVE;
				CLANG_CXX_LANGUAGE_STANDARD = "gnu++14";
				CLANG_CXX_LIBRARY = "libc++";
				CLANG_ENABLE_MODULES = YES;
				CLANG_ENABLE_OBJC_ARC = YES;
				CLANG_ENABLE_OBJC_WEAK = YES;
				CLANG_WARN_BLOCK_CAPTURE_AUTORELEASING = YES;
				CLANG_WARN_BOOL_CONVERSION = YES;
				CLANG_WARN_COMMA = YES;
				CLANG_WARN_CONSTANT_CONVERSION = YES;
				CLANG_WARN_DEPRECATED_OBJC_IMPLEMENTATIONS = YES;
				CLANG_WARN_DIRECT_OBJC_ISA_USAGE = YES_ERROR;
				CLANG_WARN_DOCUMENTATION_COMMENTS = YES;
				CLANG_WARN_EMPTY_BODY = YES;
				CLANG_WARN_ENUM_CONVERSION = YES;
				CLANG_WARN_INFINITE_RECURSION = YES;
				CLANG_WARN_INT_CONVERSION = YES;
				CLANG_WARN_NON_LITERAL_NULL_CONVERSION = YES;
				CLANG_WARN_OBJC_IMPLICIT_RETAIN_SELF = YES;
				CLANG_WARN_OBJC_LITERAL_CONVERSION = YES;
				CLANG_WARN_OBJC_ROOT_CLASS = YES_ERROR;
				CLANG_WARN_RANGE_LOOP_ANALYSIS = YES;
				CLANG_WARN_STRICT_PROTOTYPES = YES;
				CLANG_WARN_SUSPICIOUS_MOVE = YES;
				CLANG_WARN_UNGUARDED_AVAILABILITY = YES_AGGRESSIVE;
				CLANG_WARN_UNREACHABLE_CODE = YES;
				CLANG_WARN__DUPLICATE_METHOD_MATCH = YES;
				CODE_SIGN_IDENTITY = "iPhone Developer";
				COPY_PHASE_STRIP = NO;
				DEBUG_INFORMATION_FORMAT = dwarf;
				ENABLE_STRICT_OBJC_MSGSEND = YES;
				ENABLE_TESTABILITY = YES;
				GCC_C_LANGUAGE_STANDARD = gnu11;
				GCC_DYNAMIC_NO_PIC = NO;
				GCC_NO_COMMON_BLOCKS = YES;
				GCC_OPTIMIZATION_LEVEL = 0;
				GCC_PREPROCESSOR_DEFINITIONS = (
					"DEBUG=1",
					"$(inherited)",
				);
				GCC_WARN_64_TO_32_BIT_CONVERSION = YES;
				GCC_WARN_ABOUT_RETURN_TYPE = YES_ERROR;
				GCC_WARN_UNDECLARED_SELECTOR = YES;
				GCC_WARN_UNINITIALIZED_AUTOS = YES_AGGRESSIVE;
				GCC_WARN_UNUSED_FUNCTION = YES;
				GCC_WARN_UNUSED_VARIABLE = YES;
				IPHONEOS_DEPLOYMENT_TARGET = 12.1;
				MTL_ENABLE_DEBUG_INFO = INCLUDE_SOURCE;
				MTL_FAST_MATH = YES;
				ONLY_ACTIVE_ARCH = YES;
				SDKROOT = iphoneos;
			};
			name = Debug;
		};
		DE9C120D2264895000AEE403 /* Release */ = {
			isa = XCBuildConfiguration;
			buildSettings = {
				ALWAYS_SEARCH_USER_PATHS = NO;
				CLANG_ANALYZER_NONNULL = YES;
				CLANG_ANALYZER_NUMBER_OBJECT_CONVERSION = YES_AGGRESSIVE;
				CLANG_CXX_LANGUAGE_STANDARD = "gnu++14";
				CLANG_CXX_LIBRARY = "libc++";
				CLANG_ENABLE_MODULES = YES;
				CLANG_ENABLE_OBJC_ARC = YES;
				CLANG_ENABLE_OBJC_WEAK = YES;
				CLANG_WARN_BLOCK_CAPTURE_AUTORELEASING = YES;
				CLANG_WARN_BOOL_CONVERSION = YES;
				CLANG_WARN_COMMA = YES;
				CLANG_WARN_CONSTANT_CONVERSION = YES;
				CLANG_WARN_DEPRECATED_OBJC_IMPLEMENTATIONS = YES;
				CLANG_WARN_DIRECT_OBJC_ISA_USAGE = YES_ERROR;
				CLANG_WARN_DOCUMENTATION_COMMENTS = YES;
				CLANG_WARN_EMPTY_BODY = YES;
				CLANG_WARN_ENUM_CONVERSION = YES;
				CLANG_WARN_INFINITE_RECURSION = YES;
				CLANG_WARN_INT_CONVERSION = YES;
				CLANG_WARN_NON_LITERAL_NULL_CONVERSION = YES;
				CLANG_WARN_OBJC_IMPLICIT_RETAIN_SELF = YES;
				CLANG_WARN_OBJC_LITERAL_CONVERSION = YES;
				CLANG_WARN_OBJC_ROOT_CLASS = YES_ERROR;
				CLANG_WARN_RANGE_LOOP_ANALYSIS = YES;
				CLANG_WARN_STRICT_PROTOTYPES = YES;
				CLANG_WARN_SUSPICIOUS_MOVE = YES;
				CLANG_WARN_UNGUARDED_AVAILABILITY = YES_AGGRESSIVE;
				CLANG_WARN_UNREACHABLE_CODE = YES;
				CLANG_WARN__DUPLICATE_METHOD_MATCH = YES;
				CODE_SIGN_IDENTITY = "iPhone Developer";
				COPY_PHASE_STRIP = NO;
				DEBUG_INFORMATION_FORMAT = "dwarf-with-dsym";
				ENABLE_NS_ASSERTIONS = NO;
				ENABLE_STRICT_OBJC_MSGSEND = YES;
				GCC_C_LANGUAGE_STANDARD = gnu11;
				GCC_NO_COMMON_BLOCKS = YES;
				GCC_WARN_64_TO_32_BIT_CONVERSION = YES;
				GCC_WARN_ABOUT_RETURN_TYPE = YES_ERROR;
				GCC_WARN_UNDECLARED_SELECTOR = YES;
				GCC_WARN_UNINITIALIZED_AUTOS = YES_AGGRESSIVE;
				GCC_WARN_UNUSED_FUNCTION = YES;
				GCC_WARN_UNUSED_VARIABLE = YES;
				IPHONEOS_DEPLOYMENT_TARGET = 12.1;
				MTL_ENABLE_DEBUG_INFO = NO;
				MTL_FAST_MATH = YES;
				SDKROOT = iphoneos;
				VALIDATE_PRODUCT = YES;
			};
			name = Release;
		};
		DE9C120F2264895000AEE403 /* Debug */ = {
			isa = XCBuildConfiguration;
			buildSettings = {
				ASSETCATALOG_COMPILER_APPICON_NAME = AppIcon;
				CODE_SIGN_STYLE = Automatic;
				INFOPLIST_FILE = thirdLab/Info.plist;
				LD_RUNPATH_SEARCH_PATHS = (
					"$(inherited)",
					"@executable_path/Frameworks",
				);
				PRODUCT_BUNDLE_IDENTIFIER = Yasmin.thirdLab;
				PRODUCT_NAME = "$(TARGET_NAME)";
				TARGETED_DEVICE_FAMILY = "1,2";
			};
			name = Debug;
		};
		DE9C12102264895000AEE403 /* Release */ = {
			isa = XCBuildConfiguration;
			buildSettings = {
				ASSETCATALOG_COMPILER_APPICON_NAME = AppIcon;
				CODE_SIGN_STYLE = Automatic;
				INFOPLIST_FILE = thirdLab/Info.plist;
				LD_RUNPATH_SEARCH_PATHS = (
					"$(inherited)",
					"@executable_path/Frameworks",
				);
				PRODUCT_BUNDLE_IDENTIFIER = Yasmin.thirdLab;
				PRODUCT_NAME = "$(TARGET_NAME)";
				TARGETED_DEVICE_FAMILY = "1,2";
			};
			name = Release;
		};
/* End XCBuildConfiguration section */

/* Begin XCConfigurationList section */
		DE9C11F32264894900AEE403 /* Build configuration list for PBXProject "thirdLab" */ = {
			isa = XCConfigurationList;
			buildConfigurations = (
				DE9C120C2264895000AEE403 /* Debug */,
				DE9C120D2264895000AEE403 /* Release */,
			);
			defaultConfigurationIsVisible = 0;
			defaultConfigurationName = Release;
		};
		DE9C120E2264895000AEE403 /* Build configuration list for PBXNativeTarget "thirdLab" */ = {
			isa = XCConfigurationList;
			buildConfigurations = (
				DE9C120F2264895000AEE403 /* Debug */,
				DE9C12102264895000AEE403 /* Release */,
			);
			defaultConfigurationIsVisible = 0;
			defaultConfigurationName = Release;
		};
/* End XCConfigurationList section */
	};
	rootObject = DE9C11F02264894900AEE403 /* Project object */;
}
