// !$*UTF8*$!
{
	archiveVersion = 1;
	classes = {
	};
	objectVersion = 50;
	objects = {

/* Begin PBXBuildFile section */
		DEB33C1C226EF92C00F89111 /* AppDelegate.m in Sources */ = {isa = PBXBuildFile; fileRef = DEB33C1B226EF92C00F89111 /* AppDelegate.m */; };
		DEB33C1F226EF92C00F89111 /* ViewController.m in Sources */ = {isa = PBXBuildFile; fileRef = DEB33C1E226EF92C00F89111 /* ViewController.m */; };
		DEB33C22226EF92C00F89111 /* Main.storyboard in Resources */ = {isa = PBXBuildFile; fileRef = DEB33C20226EF92C00F89111 /* Main.storyboard */; };
		DEB33C24226EF92F00F89111 /* Assets.xcassets in Resources */ = {isa = PBXBuildFile; fileRef = DEB33C23226EF92F00F89111 /* Assets.xcassets */; };
		DEB33C27226EF92F00F89111 /* LaunchScreen.storyboard in Resources */ = {isa = PBXBuildFile; fileRef = DEB33C25226EF92F00F89111 /* LaunchScreen.storyboard */; };
		DEB33C2A226EF92F00F89111 /* main.m in Sources */ = {isa = PBXBuildFile; fileRef = DEB33C29226EF92F00F89111 /* main.m */; };
		DEB33C32226EF99F00F89111 /* InfoViewController.m in Sources */ = {isa = PBXBuildFile; fileRef = DEB33C31226EF99F00F89111 /* InfoViewController.m */; };
		DEB33C35226EF9B500F89111 /* TableViewController.m in Sources */ = {isa = PBXBuildFile; fileRef = DEB33C34226EF9B500F89111 /* TableViewController.m */; };
		DEB33C3C226EFBC800F89111 /* Colleague.m in Sources */ = {isa = PBXBuildFile; fileRef = DEB33C3B226EFBC800F89111 /* Colleague.m */; };
/* End PBXBuildFile section */

/* Begin PBXFileReference section */
		DEB33C17226EF92C00F89111 /* secondTableView.app */ = {isa = PBXFileReference; explicitFileType = wrapper.application; includeInIndex = 0; path = secondTableView.app; sourceTree = BUILT_PRODUCTS_DIR; };
		DEB33C1A226EF92C00F89111 /* AppDelegate.h */ = {isa = PBXFileReference; lastKnownFileType = sourcecode.c.h; path = AppDelegate.h; sourceTree = "<group>"; };
		DEB33C1B226EF92C00F89111 /* AppDelegate.m */ = {isa = PBXFileReference; lastKnownFileType = sourcecode.c.objc; path = AppDelegate.m; sourceTree = "<group>"; };
		DEB33C1D226EF92C00F89111 /* ViewController.h */ = {isa = PBXFileReference; lastKnownFileType = sourcecode.c.h; path = ViewController.h; sourceTree = "<group>"; };
		DEB33C1E226EF92C00F89111 /* ViewController.m */ = {isa = PBXFileReference; lastKnownFileType = sourcecode.c.objc; path = ViewController.m; sourceTree = "<group>"; };
		DEB33C21226EF92C00F89111 /* Base */ = {isa = PBXFileReference; lastKnownFileType = file.storyboard; name = Base; path = Base.lproj/Main.storyboard; sourceTree = "<group>"; };
		DEB33C23226EF92F00F89111 /* Assets.xcassets */ = {isa = PBXFileReference; lastKnownFileType = folder.assetcatalog; path = Assets.xcassets; sourceTree = "<group>"; };
		DEB33C26226EF92F00F89111 /* Base */ = {isa = PBXFileReference; lastKnownFileType = file.storyboard; name = Base; path = Base.lproj/LaunchScreen.storyboard; sourceTree = "<group>"; };
		DEB33C28226EF92F00F89111 /* Info.plist */ = {isa = PBXFileReference; lastKnownFileType = text.plist.xml; path = Info.plist; sourceTree = "<group>"; };
		DEB33C29226EF92F00F89111 /* main.m */ = {isa = PBXFileReference; lastKnownFileType = sourcecode.c.objc; path = main.m; sourceTree = "<group>"; };
		DEB33C30226EF99F00F89111 /* InfoViewController.h */ = {isa = PBXFileReference; lastKnownFileType = sourcecode.c.h; path = InfoViewController.h; sourceTree = "<group>"; };
		DEB33C31226EF99F00F89111 /* InfoViewController.m */ = {isa = PBXFileReference; lastKnownFileType = sourcecode.c.objc; path = InfoViewController.m; sourceTree = "<group>"; };
		DEB33C33226EF9B500F89111 /* TableViewController.h */ = {isa = PBXFileReference; lastKnownFileType = sourcecode.c.h; path = TableViewController.h; sourceTree = "<group>"; };
		DEB33C34226EF9B500F89111 /* TableViewController.m */ = {isa = PBXFileReference; lastKnownFileType = sourcecode.c.objc; path = TableViewController.m; sourceTree = "<group>"; };
		DEB33C3A226EFBC800F89111 /* Colleague.h */ = {isa = PBXFileReference; lastKnownFileType = sourcecode.c.h; path = Colleague.h; sourceTree = "<group>"; };
		DEB33C3B226EFBC800F89111 /* Colleague.m */ = {isa = PBXFileReference; lastKnownFileType = sourcecode.c.objc; path = Colleague.m; sourceTree = "<group>"; };
/* End PBXFileReference section */

/* Begin PBXFrameworksBuildPhase section */
		DEB33C14226EF92C00F89111 /* Frameworks */ = {
			isa = PBXFrameworksBuildPhase;
			buildActionMask = 2147483647;
			files = (
			);
			runOnlyForDeploymentPostprocessing = 0;
		};
/* End PBXFrameworksBuildPhase section */

/* Begin PBXGroup section */
		DEB33C0E226EF92C00F89111 = {
			isa = PBXGroup;
			children = (
				DEB33C19226EF92C00F89111 /* secondTableView */,
				DEB33C18226EF92C00F89111 /* Products */,
			);
			sourceTree = "<group>";
		};
		DEB33C18226EF92C00F89111 /* Products */ = {
			isa = PBXGroup;
			children = (
				DEB33C17226EF92C00F89111 /* secondTableView.app */,
			);
			name = Products;
			sourceTree = "<group>";
		};
		DEB33C19226EF92C00F89111 /* secondTableView */ = {
			isa = PBXGroup;
			children = (
				DEB33C1A226EF92C00F89111 /* AppDelegate.h */,
				DEB33C1B226EF92C00F89111 /* AppDelegate.m */,
				DEB33C1D226EF92C00F89111 /* ViewController.h */,
				DEB33C1E226EF92C00F89111 /* ViewController.m */,
				DEB33C20226EF92C00F89111 /* Main.storyboard */,
				DEB33C23226EF92F00F89111 /* Assets.xcassets */,
				DEB33C25226EF92F00F89111 /* LaunchScreen.storyboard */,
				DEB33C28226EF92F00F89111 /* Info.plist */,
				DEB33C29226EF92F00F89111 /* main.m */,
				DEB33C30226EF99F00F89111 /* InfoViewController.h */,
				DEB33C31226EF99F00F89111 /* InfoViewController.m */,
				DEB33C33226EF9B500F89111 /* TableViewController.h */,
				DEB33C34226EF9B500F89111 /* TableViewController.m */,
				DEB33C3A226EFBC800F89111 /* Colleague.h */,
				DEB33C3B226EFBC800F89111 /* Colleague.m */,
			);
			path = secondTableView;
			sourceTree = "<group>";
		};
/* End PBXGroup section */

/* Begin PBXNativeTarget section */
		DEB33C16226EF92C00F89111 /* secondTableView */ = {
			isa = PBXNativeTarget;
			buildConfigurationList = DEB33C2D226EF92F00F89111 /* Build configuration list for PBXNativeTarget "secondTableView" */;
			buildPhases = (
				DEB33C13226EF92C00F89111 /* Sources */,
				DEB33C14226EF92C00F89111 /* Frameworks */,
				DEB33C15226EF92C00F89111 /* Resources */,
			);
			buildRules = (
			);
			dependencies = (
			);
			name = secondTableView;
			productName = secondTableView;
			productReference = DEB33C17226EF92C00F89111 /* secondTableView.app */;
			productType = "com.apple.product-type.application";
		};
/* End PBXNativeTarget section */

/* Begin PBXProject section */
		DEB33C0F226EF92C00F89111 /* Project object */ = {
			isa = PBXProject;
			attributes = {
				LastUpgradeCheck = 1010;
				ORGANIZATIONNAME = ITI;
				TargetAttributes = {
					DEB33C16226EF92C00F89111 = {
						CreatedOnToolsVersion = 10.1;
					};
				};
			};
			buildConfigurationList = DEB33C12226EF92C00F89111 /* Build configuration list for PBXProject "secondTableView" */;
			compatibilityVersion = "Xcode 9.3";
			developmentRegion = en;
			hasScannedForEncodings = 0;
			knownRegions = (
				en,
				Base,
			);
			mainGroup = DEB33C0E226EF92C00F89111;
			productRefGroup = DEB33C18226EF92C00F89111 /* Products */;
			projectDirPath = "";
			projectRoot = "";
			targets = (
				DEB33C16226EF92C00F89111 /* secondTableView */,
			);
		};
/* End PBXProject section */

/* Begin PBXResourcesBuildPhase section */
		DEB33C15226EF92C00F89111 /* Resources */ = {
			isa = PBXResourcesBuildPhase;
			buildActionMask = 2147483647;
			files = (
				DEB33C27226EF92F00F89111 /* LaunchScreen.storyboard in Resources */,
				DEB33C24226EF92F00F89111 /* Assets.xcassets in Resources */,
				DEB33C22226EF92C00F89111 /* Main.storyboard in Resources */,
			);
			runOnlyForDeploymentPostprocessing = 0;
		};
/* End PBXResourcesBuildPhase section */

/* Begin PBXSourcesBuildPhase section */
		DEB33C13226EF92C00F89111 /* Sources */ = {
			isa = PBXSourcesBuildPhase;
			buildActionMask = 2147483647;
			files = (
				DEB33C1F226EF92C00F89111 /* ViewController.m in Sources */,
				DEB33C2A226EF92F00F89111 /* main.m in Sources */,
				DEB33C32226EF99F00F89111 /* InfoViewController.m in Sources */,
				DEB33C3C226EFBC800F89111 /* Colleague.m in Sources */,
				DEB33C35226EF9B500F89111 /* TableViewController.m in Sources */,
				DEB33C1C226EF92C00F89111 /* AppDelegate.m in Sources */,
			);
			runOnlyForDeploymentPostprocessing = 0;
		};
/* End PBXSourcesBuildPhase section */

/* Begin PBXVariantGroup section */
		DEB33C20226EF92C00F89111 /* Main.storyboard */ = {
			isa = PBXVariantGroup;
			children = (
				DEB33C21226EF92C00F89111 /* Base */,
			);
			name = Main.storyboard;
			sourceTree = "<group>";
		};
		DEB33C25226EF92F00F89111 /* LaunchScreen.storyboard */ = {
			isa = PBXVariantGroup;
			children = (
				DEB33C26226EF92F00F89111 /* Base */,
			);
			name = LaunchScreen.storyboard;
			sourceTree = "<group>";
		};
/* End PBXVariantGroup section */

/* Begin XCBuildConfiguration section */
		DEB33C2B226EF92F00F89111 /* Debug */ = {
			isa = XCBuildConfiguration;
			buildSettings = {
				ALWAYS_SEARCH_USER_PATHS = NO;
				CLANG_ANALYZER_NONNULL = YES;
				CLANG_ANALYZER_NUMBER_OBJECT_CONVERSION = YES_AGGRESSIVE;
				CLANG_CXX_LANGUAGE_STANDARD = "gnu++14";
				CLANG_CXX_LIBRARY = "libc++";
				CLANG_ENABLE_MODULES = YES;
				CLANG_ENABLE_OBJC_ARC = YES;
				CLANG_ENABLE_OBJC_WEAK = YES;
				CLANG_WARN_BLOCK_CAPTURE_AUTORELEASING = YES;
				CLANG_WARN_BOOL_CONVERSION = YES;
				CLANG_WARN_COMMA = YES;
				CLANG_WARN_CONSTANT_CONVERSION = YES;
				CLANG_WARN_DEPRECATED_OBJC_IMPLEMENTATIONS = YES;
				CLANG_WARN_DIRECT_OBJC_ISA_USAGE = YES_ERROR;
				CLANG_WARN_DOCUMENTATION_COMMENTS = YES;
				CLANG_WARN_EMPTY_BODY = YES;
				CLANG_WARN_ENUM_CONVERSION = YES;
				CLANG_WARN_INFINITE_RECURSION = YES;
				CLANG_WARN_INT_CONVERSION = YES;
				CLANG_WARN_NON_LITERAL_NULL_CONVERSION = YES;
				CLANG_WARN_OBJC_IMPLICIT_RETAIN_SELF = YES;
				CLANG_WARN_OBJC_LITERAL_CONVERSION = YES;
				CLANG_WARN_OBJC_ROOT_CLASS = YES_ERROR;
				CLANG_WARN_RANGE_LOOP_ANALYSIS = YES;
				CLANG_WARN_STRICT_PROTOTYPES = YES;
				CLANG_WARN_SUSPICIOUS_MOVE = YES;
				CLANG_WARN_UNGUARDED_AVAILABILITY = YES_AGGRESSIVE;
				CLANG_WARN_UNREACHABLE_CODE = YES;
				CLANG_WARN__DUPLICATE_METHOD_MATCH = YES;
				CODE_SIGN_IDENTITY = "iPhone Developer";
				COPY_PHASE_STRIP = NO;
				DEBUG_INFORMATION_FORMAT = dwarf;
				ENABLE_STRICT_OBJC_MSGSEND = YES;
				ENABLE_TESTABILITY = YES;
				GCC_C_LANGUAGE_STANDARD = gnu11;
				GCC_DYNAMIC_NO_PIC = NO;
				GCC_NO_COMMON_BLOCKS = YES;
				GCC_OPTIMIZATION_LEVEL = 0;
				GCC_PREPROCESSOR_DEFINITIONS = (
					"DEBUG=1",
					"$(inherited)",
				);
				GCC_WARN_64_TO_32_BIT_CONVERSION = YES;
				GCC_WARN_ABOUT_RETURN_TYPE = YES_ERROR;
				GCC_WARN_UNDECLARED_SELECTOR = YES;
				GCC_WARN_UNINITIALIZED_AUTOS = YES_AGGRESSIVE;
				GCC_WARN_UNUSED_FUNCTION = YES;
				GCC_WARN_UNUSED_VARIABLE = YES;
				IPHONEOS_DEPLOYMENT_TARGET = 12.1;
				MTL_ENABLE_DEBUG_INFO = INCLUDE_SOURCE;
				MTL_FAST_MATH = YES;
				ONLY_ACTIVE_ARCH = YES;
				SDKROOT = iphoneos;
			};
			name = Debug;
		};
		DEB33C2C226EF92F00F89111 /* Release */ = {
			isa = XCBuildConfiguration;
			buildSettings = {
				ALWAYS_SEARCH_USER_PATHS = NO;
				CLANG_ANALYZER_NONNULL = YES;
				CLANG_ANALYZER_NUMBER_OBJECT_CONVERSION = YES_AGGRESSIVE;
				CLANG_CXX_LANGUAGE_STANDARD = "gnu++14";
				CLANG_CXX_LIBRARY = "libc++";
				CLANG_ENABLE_MODULES = YES;
				CLANG_ENABLE_OBJC_ARC = YES;
				CLANG_ENABLE_OBJC_WEAK = YES;
				CLANG_WARN_BLOCK_CAPTURE_AUTORELEASING = YES;
				CLANG_WARN_BOOL_CONVERSION = YES;
				CLANG_WARN_COMMA = YES;
				CLANG_WARN_CONSTANT_CONVERSION = YES;
				CLANG_WARN_DEPRECATED_OBJC_IMPLEMENTATIONS = YES;
				CLANG_WARN_DIRECT_OBJC_ISA_USAGE = YES_ERROR;
				CLANG_WARN_DOCUMENTATION_COMMENTS = YES;
				CLANG_WARN_EMPTY_BODY = YES;
				CLANG_WARN_ENUM_CONVERSION = YES;
				CLANG_WARN_INFINITE_RECURSION = YES;
				CLANG_WARN_INT_CONVERSION = YES;
				CLANG_WARN_NON_LITERAL_NULL_CONVERSION = YES;
				CLANG_WARN_OBJC_IMPLICIT_RETAIN_SELF = YES;
				CLANG_WARN_OBJC_LITERAL_CONVERSION = YES;
				CLANG_WARN_OBJC_ROOT_CLASS = YES_ERROR;
				CLANG_WARN_RANGE_LOOP_ANALYSIS = YES;
				CLANG_WARN_STRICT_PROTOTYPES = YES;
				CLANG_WARN_SUSPICIOUS_MOVE = YES;
				CLANG_WARN_UNGUARDED_AVAILABILITY = YES_AGGRESSIVE;
				CLANG_WARN_UNREACHABLE_CODE = YES;
				CLANG_WARN__DUPLICATE_METHOD_MATCH = YES;
				CODE_SIGN_IDENTITY = "iPhone Developer";
				COPY_PHASE_STRIP = NO;
				DEBUG_INFORMATION_FORMAT = "dwarf-with-dsym";
				ENABLE_NS_ASSERTIONS = NO;
				ENABLE_STRICT_OBJC_MSGSEND = YES;
				GCC_C_LANGUAGE_STANDARD = gnu11;
				GCC_NO_COMMON_BLOCKS = YES;
				GCC_WARN_64_TO_32_BIT_CONVERSION = YES;
				GCC_WARN_ABOUT_RETURN_TYPE = YES_ERROR;
				GCC_WARN_UNDECLARED_SELECTOR = YES;
				GCC_WARN_UNINITIALIZED_AUTOS = YES_AGGRESSIVE;
				GCC_WARN_UNUSED_FUNCTION = YES;
				GCC_WARN_UNUSED_VARIABLE = YES;
				IPHONEOS_DEPLOYMENT_TARGET = 12.1;
				MTL_ENABLE_DEBUG_INFO = NO;
				MTL_FAST_MATH = YES;
				SDKROOT = iphoneos;
				VALIDATE_PRODUCT = YES;
			};
			name = Release;
		};
		DEB33C2E226EF92F00F89111 /* Debug */ = {
			isa = XCBuildConfiguration;
			buildSettings = {
				ASSETCATALOG_COMPILER_APPICON_NAME = AppIcon;
				CODE_SIGN_STYLE = Automatic;
				INFOPLIST_FILE = secondTableView/Info.plist;
				LD_RUNPATH_SEARCH_PATHS = (
					"$(inherited)",
					"@executable_path/Frameworks",
				);
				PRODUCT_BUNDLE_IDENTIFIER = Yasmin.secondTableView;
				PRODUCT_NAME = "$(TARGET_NAME)";
				TARGETED_DEVICE_FAMILY = "1,2";
			};
			name = Debug;
		};
		DEB33C2F226EF92F00F89111 /* Release */ = {
			isa = XCBuildConfiguration;
			buildSettings = {
				ASSETCATALOG_COMPILER_APPICON_NAME = AppIcon;
				CODE_SIGN_STYLE = Automatic;
				INFOPLIST_FILE = secondTableView/Info.plist;
				LD_RUNPATH_SEARCH_PATHS = (
					"$(inherited)",
					"@executable_path/Frameworks",
				);
				PRODUCT_BUNDLE_IDENTIFIER = Yasmin.secondTableView;
				PRODUCT_NAME = "$(TARGET_NAME)";
				TARGETED_DEVICE_FAMILY = "1,2";
			};
			name = Release;
		};
/* End XCBuildConfiguration section */

/* Begin XCConfigurationList section */
		DEB33C12226EF92C00F89111 /* Build configuration list for PBXProject "secondTableView" */ = {
			isa = XCConfigurationList;
			buildConfigurations = (
				DEB33C2B226EF92F00F89111 /* Debug */,
				DEB33C2C226EF92F00F89111 /* Release */,
			);
			defaultConfigurationIsVisible = 0;
			defaultConfigurationName = Release;
		};
		DEB33C2D226EF92F00F89111 /* Build configuration list for PBXNativeTarget "secondTableView" */ = {
			isa = XCConfigurationList;
			buildConfigurations = (
				DEB33C2E226EF92F00F89111 /* Debug */,
				DEB33C2F226EF92F00F89111 /* Release */,
			);
			defaultConfigurationIsVisible = 0;
			defaultConfigurationName = Release;
		};
/* End XCConfigurationList section */
	};
	rootObject = DEB33C0F226EF92C00F89111 /* Project object */;
}
